
Microsoft Visual Studio Solution File, Format Version 12.00
# Visual Studio Version 17
VisualStudioVersion = 17.7.34003.232
MinimumVisualStudioVersion = 10.0.40219.1
Project("{8BC9CEB8-8B4A-11D0-8D11-00A0C91BC942}") = "OpenGL_Day1", "OpenGL_Day1.vcxproj", "{0D1267B4-AA64-459D-9F46-60807E0265BE}"
EndProject
Global
	GlobalSection(SolutionConfigurationPlatforms) = preSolution
		Debug|x64 = Debug|x64
		Debug|x86 = Debug|x86
		Release|x64 = Release|x64
		Release|x86 = Release|x86
	EndGlobalSection
	GlobalSection(ProjectConfigurationPlatforms) = postSolution
		{0D1267B4-AA64-459D-9F46-60807E0265BE}.Debug|x64.ActiveCfg = Debug|x64
		{0D1267B4-AA64-459D-9F46-60807E0265BE}.Debug|x64.Build.0 = Debug|x64
		{0D1267B4-AA64-459D-9F46-60807E0265BE}.Debug|x86.ActiveCfg = Debug|Win32
		{0D1267B4-AA64-459D-9F46-60807E0265BE}.Debug|x86.Build.0 = Debug|Win32
		{0D1267B4-AA64-459D-9F46-60807E0265BE}.Release|x64.ActiveCfg = Release|x64
		{0D1267B4-AA64-459D-9F46-60807E0265BE}.Release|x64.Build.0 = Release|x64
		{0D1267B4-AA64-459D-9F46-60807E0265BE}.Release|x86.ActiveCfg = Release|Win32
		{0D1267B4-AA64-459D-9F46-60807E0265BE}.Release|x86.Build.0 = Release|Win32
	EndGlobalSection
	GlobalSection(SolutionProperties) = preSolution
		HideSolutionNode = FALSE
	EndGlobalSection
	GlobalSection(ExtensibilityGlobals) = postSolution
		SolutionGuid = {FE4170C7-D419-420E-AEC3-7A01ADB0B11D}
	EndGlobalSection
EndGlobal
